
Microsoft Visual Studio Solution File, Format Version 12.00
# Visual Studio Version 16
VisualStudioVersion = 16.0.30128.74
MinimumVisualStudioVersion = 10.0.40219.1
Project("{9A19103F-16F7-4668-BE54-9A1E7A4F7556}") = "libongo", "libongo.csproj", "{8F607C40-4F62-4BE6-BC8B-6DA40B988C1A}"
EndProject
Global
	GlobalSection(SolutionConfigurationPlatforms) = preSolution
		Debug|Any CPU = Debug|Any CPU
		Release|Any CPU = Release|Any CPU
	EndGlobalSection
	GlobalSection(ProjectConfigurationPlatforms) = postSolution
		{8F607C40-4F62-4BE6-BC8B-6DA40B988C1A}.Debug|Any CPU.ActiveCfg = Debug|Any CPU
		{8F607C40-4F62-4BE6-BC8B-6DA40B988C1A}.Debug|Any CPU.Build.0 = Debug|Any CPU
		{8F607C40-4F62-4BE6-BC8B-6DA40B988C1A}.Release|Any CPU.ActiveCfg = Release|Any CPU
		{8F607C40-4F62-4BE6-BC8B-6DA40B988C1A}.Release|Any CPU.Build.0 = Release|Any CPU
	EndGlobalSection
	GlobalSection(SolutionProperties) = preSolution
		HideSolutionNode = FALSE
	EndGlobalSection
	GlobalSection(ExtensibilityGlobals) = postSolution
		SolutionGuid = {486E3CFA-A949-4C7B-8540-25104BB86B46}
	EndGlobalSection
EndGlobal
